
Microsoft Visual Studio Solution File, Format Version 12.00
# Visual Studio Version 16
VisualStudioVersion = 16.0.31402.337
MinimumVisualStudioVersion = 10.0.40219.1
Project("{9A19103F-16F7-4668-BE54-9A1E7A4F7556}") = "SportEvents", "SportEvents.csproj", "{219624A6-FD0C-47BC-9912-2935B0C1C47D}"
EndProject
Global
	GlobalSection(SolutionConfigurationPlatforms) = preSolution
		Debug|Any CPU = Debug|Any CPU
		Release|Any CPU = Release|Any CPU
	EndGlobalSection
	GlobalSection(ProjectConfigurationPlatforms) = postSolution
		{219624A6-FD0C-47BC-9912-2935B0C1C47D}.Debug|Any CPU.ActiveCfg = Debug|Any CPU
		{219624A6-FD0C-47BC-9912-2935B0C1C47D}.Debug|Any CPU.Build.0 = Debug|Any CPU
		{219624A6-FD0C-47BC-9912-2935B0C1C47D}.Release|Any CPU.ActiveCfg = Release|Any CPU
		{219624A6-FD0C-47BC-9912-2935B0C1C47D}.Release|Any CPU.Build.0 = Release|Any CPU
	EndGlobalSection
	GlobalSection(SolutionProperties) = preSolution
		HideSolutionNode = FALSE
	EndGlobalSection
	GlobalSection(ExtensibilityGlobals) = postSolution
		SolutionGuid = {43A22947-C903-4725-B528-4E4ECEA3535F}
	EndGlobalSection
EndGlobal
